
Microsoft Visual Studio Solution File, Format Version 12.00
# Visual Studio Version 16
VisualStudioVersion = 16.0.29613.14
MinimumVisualStudioVersion = 10.0.40219.1
Project("{9A19103F-16F7-4668-BE54-9A1E7A4F7556}") = "Primavera", "Primavera.csproj", "{B6B78EF9-551B-46C2-9F67-F60E0E3A41D0}"
EndProject
Project("{9A19103F-16F7-4668-BE54-9A1E7A4F7556}") = "Primavera.Data", "..\Primavera.Data\Primavera.Data.csproj", "{EE9BD58B-2A10-474F-A39E-B7B8EA709C0B}"
EndProject
Project("{2150E333-8FDC-42A3-9474-1A3956D46DE8}") = "Solution Items", "Solution Items", "{6AC70A13-6204-475A-970C-15986782D224}"
	ProjectSection(SolutionItems) = preProject
		.editorconfig = .editorconfig
	EndProjectSection
EndProject
Project("{9A19103F-16F7-4668-BE54-9A1E7A4F7556}") = "Primavera.Parsers.Polls", "..\Primavera.Parsers.Polls\Primavera.Parsers.Polls.csproj", "{F4610847-C940-4FEE-9A09-A051941F01A8}"
EndProject
Project("{2150E333-8FDC-42A3-9474-1A3956D46DE8}") = "Parsers", "Parsers", "{4838DDD8-31E5-45E5-89FE-BB4A6FE97B9E}"
EndProject
Project("{9A19103F-16F7-4668-BE54-9A1E7A4F7556}") = "Primavera.Parsers.States", "..\Primavera.Parsers.States\Primavera.Parsers.States.csproj", "{E881C5A4-8F60-4CAD-9FDB-C72AFDEC4B40}"
EndProject
Project("{9A19103F-16F7-4668-BE54-9A1E7A4F7556}") = "Primavera.Parsers.Util", "..\Primavera.Parsers.Util\Primavera.Parsers.Util.csproj", "{27E18CC4-56C7-430A-A82E-42A86392A83B}"
EndProject
Global
	GlobalSection(SolutionConfigurationPlatforms) = preSolution
		Debug|Any CPU = Debug|Any CPU
		Debug|ARM = Debug|ARM
		Debug|ARM64 = Debug|ARM64
		Debug|x64 = Debug|x64
		Debug|x86 = Debug|x86
		Release|Any CPU = Release|Any CPU
		Release|ARM = Release|ARM
		Release|ARM64 = Release|ARM64
		Release|x64 = Release|x64
		Release|x86 = Release|x86
	EndGlobalSection
	GlobalSection(ProjectConfigurationPlatforms) = postSolution
		{B6B78EF9-551B-46C2-9F67-F60E0E3A41D0}.Debug|Any CPU.ActiveCfg = Debug|Any CPU
		{B6B78EF9-551B-46C2-9F67-F60E0E3A41D0}.Debug|Any CPU.Build.0 = Debug|Any CPU
		{B6B78EF9-551B-46C2-9F67-F60E0E3A41D0}.Debug|ARM.ActiveCfg = Debug|Any CPU
		{B6B78EF9-551B-46C2-9F67-F60E0E3A41D0}.Debug|ARM.Build.0 = Debug|Any CPU
		{B6B78EF9-551B-46C2-9F67-F60E0E3A41D0}.Debug|ARM64.ActiveCfg = Debug|Any CPU
		{B6B78EF9-551B-46C2-9F67-F60E0E3A41D0}.Debug|ARM64.Build.0 = Debug|Any CPU
		{B6B78EF9-551B-46C2-9F67-F60E0E3A41D0}.Debug|x64.ActiveCfg = Debug|Any CPU
		{B6B78EF9-551B-46C2-9F67-F60E0E3A41D0}.Debug|x64.Build.0 = Debug|Any CPU
		{B6B78EF9-551B-46C2-9F67-F60E0E3A41D0}.Debug|x86.ActiveCfg = Debug|Any CPU
		{B6B78EF9-551B-46C2-9F67-F60E0E3A41D0}.Debug|x86.Build.0 = Debug|Any CPU
		{B6B78EF9-551B-46C2-9F67-F60E0E3A41D0}.Release|Any CPU.ActiveCfg = Release|Any CPU
		{B6B78EF9-551B-46C2-9F67-F60E0E3A41D0}.Release|Any CPU.Build.0 = Release|Any CPU
		{B6B78EF9-551B-46C2-9F67-F60E0E3A41D0}.Release|ARM.ActiveCfg = Release|Any CPU
		{B6B78EF9-551B-46C2-9F67-F60E0E3A41D0}.Release|ARM.Build.0 = Release|Any CPU
		{B6B78EF9-551B-46C2-9F67-F60E0E3A41D0}.Release|ARM64.ActiveCfg = Release|Any CPU
		{B6B78EF9-551B-46C2-9F67-F60E0E3A41D0}.Release|ARM64.Build.0 = Release|Any CPU
		{B6B78EF9-551B-46C2-9F67-F60E0E3A41D0}.Release|x64.ActiveCfg = Release|Any CPU
		{B6B78EF9-551B-46C2-9F67-F60E0E3A41D0}.Release|x64.Build.0 = Release|Any CPU
		{B6B78EF9-551B-46C2-9F67-F60E0E3A41D0}.Release|x86.ActiveCfg = Release|Any CPU
		{B6B78EF9-551B-46C2-9F67-F60E0E3A41D0}.Release|x86.Build.0 = Release|Any CPU
		{EE9BD58B-2A10-474F-A39E-B7B8EA709C0B}.Debug|Any CPU.ActiveCfg = Debug|Any CPU
		{EE9BD58B-2A10-474F-A39E-B7B8EA709C0B}.Debug|Any CPU.Build.0 = Debug|Any CPU
		{EE9BD58B-2A10-474F-A39E-B7B8EA709C0B}.Debug|ARM.ActiveCfg = Debug|Any CPU
		{EE9BD58B-2A10-474F-A39E-B7B8EA709C0B}.Debug|ARM.Build.0 = Debug|Any CPU
		{EE9BD58B-2A10-474F-A39E-B7B8EA709C0B}.Debug|ARM64.ActiveCfg = Debug|Any CPU
		{EE9BD58B-2A10-474F-A39E-B7B8EA709C0B}.Debug|ARM64.Build.0 = Debug|Any CPU
		{EE9BD58B-2A10-474F-A39E-B7B8EA709C0B}.Debug|x64.ActiveCfg = Debug|Any CPU
		{EE9BD58B-2A10-474F-A39E-B7B8EA709C0B}.Debug|x64.Build.0 = Debug|Any CPU
		{EE9BD58B-2A10-474F-A39E-B7B8EA709C0B}.Debug|x86.ActiveCfg = Debug|Any CPU
		{EE9BD58B-2A10-474F-A39E-B7B8EA709C0B}.Debug|x86.Build.0 = Debug|Any CPU
		{EE9BD58B-2A10-474F-A39E-B7B8EA709C0B}.Release|Any CPU.ActiveCfg = Release|Any CPU
		{EE9BD58B-2A10-474F-A39E-B7B8EA709C0B}.Release|Any CPU.Build.0 = Release|Any CPU
		{EE9BD58B-2A10-474F-A39E-B7B8EA709C0B}.Release|ARM.ActiveCfg = Release|Any CPU
		{EE9BD58B-2A10-474F-A39E-B7B8EA709C0B}.Release|ARM.Build.0 = Release|Any CPU
		{EE9BD58B-2A10-474F-A39E-B7B8EA709C0B}.Release|ARM64.ActiveCfg = Release|Any CPU
		{EE9BD58B-2A10-474F-A39E-B7B8EA709C0B}.Release|ARM64.Build.0 = Release|Any CPU
		{EE9BD58B-2A10-474F-A39E-B7B8EA709C0B}.Release|x64.ActiveCfg = Release|Any CPU
		{EE9BD58B-2A10-474F-A39E-B7B8EA709C0B}.Release|x64.Build.0 = Release|Any CPU
		{EE9BD58B-2A10-474F-A39E-B7B8EA709C0B}.Release|x86.ActiveCfg = Release|Any CPU
		{EE9BD58B-2A10-474F-A39E-B7B8EA709C0B}.Release|x86.Build.0 = Release|Any CPU
		{F4610847-C940-4FEE-9A09-A051941F01A8}.Debug|Any CPU.ActiveCfg = Debug|Any CPU
		{F4610847-C940-4FEE-9A09-A051941F01A8}.Debug|Any CPU.Build.0 = Debug|Any CPU
		{F4610847-C940-4FEE-9A09-A051941F01A8}.Debug|ARM.ActiveCfg = Debug|Any CPU
		{F4610847-C940-4FEE-9A09-A051941F01A8}.Debug|ARM.Build.0 = Debug|Any CPU
		{F4610847-C940-4FEE-9A09-A051941F01A8}.Debug|ARM64.ActiveCfg = Debug|Any CPU
		{F4610847-C940-4FEE-9A09-A051941F01A8}.Debug|ARM64.Build.0 = Debug|Any CPU
		{F4610847-C940-4FEE-9A09-A051941F01A8}.Debug|x64.ActiveCfg = Debug|Any CPU
		{F4610847-C940-4FEE-9A09-A051941F01A8}.Debug|x64.Build.0 = Debug|Any CPU
		{F4610847-C940-4FEE-9A09-A051941F01A8}.Debug|x86.ActiveCfg = Debug|Any CPU
		{F4610847-C940-4FEE-9A09-A051941F01A8}.Debug|x86.Build.0 = Debug|Any CPU
		{F4610847-C940-4FEE-9A09-A051941F01A8}.Release|Any CPU.ActiveCfg = Release|Any CPU
		{F4610847-C940-4FEE-9A09-A051941F01A8}.Release|Any CPU.Build.0 = Release|Any CPU
		{F4610847-C940-4FEE-9A09-A051941F01A8}.Release|ARM.ActiveCfg = Release|Any CPU
		{F4610847-C940-4FEE-9A09-A051941F01A8}.Release|ARM.Build.0 = Release|Any CPU
		{F4610847-C940-4FEE-9A09-A051941F01A8}.Release|ARM64.ActiveCfg = Release|Any CPU
		{F4610847-C940-4FEE-9A09-A051941F01A8}.Release|ARM64.Build.0 = Release|Any CPU
		{F4610847-C940-4FEE-9A09-A051941F01A8}.Release|x64.ActiveCfg = Release|Any CPU
		{F4610847-C940-4FEE-9A09-A051941F01A8}.Release|x64.Build.0 = Release|Any CPU
		{F4610847-C940-4FEE-9A09-A051941F01A8}.Release|x86.ActiveCfg = Release|Any CPU
		{F4610847-C940-4FEE-9A09-A051941F01A8}.Release|x86.Build.0 = Release|Any CPU
		{E881C5A4-8F60-4CAD-9FDB-C72AFDEC4B40}.Debug|Any CPU.ActiveCfg = Debug|Any CPU
		{E881C5A4-8F60-4CAD-9FDB-C72AFDEC4B40}.Debug|Any CPU.Build.0 = Debug|Any CPU
		{E881C5A4-8F60-4CAD-9FDB-C72AFDEC4B40}.Debug|ARM.ActiveCfg = Debug|Any CPU
		{E881C5A4-8F60-4CAD-9FDB-C72AFDEC4B40}.Debug|ARM.Build.0 = Debug|Any CPU
		{E881C5A4-8F60-4CAD-9FDB-C72AFDEC4B40}.Debug|ARM64.ActiveCfg = Debug|Any CPU
		{E881C5A4-8F60-4CAD-9FDB-C72AFDEC4B40}.Debug|ARM64.Build.0 = Debug|Any CPU
		{E881C5A4-8F60-4CAD-9FDB-C72AFDEC4B40}.Debug|x64.ActiveCfg = Debug|Any CPU
		{E881C5A4-8F60-4CAD-9FDB-C72AFDEC4B40}.Debug|x64.Build.0 = Debug|Any CPU
		{E881C5A4-8F60-4CAD-9FDB-C72AFDEC4B40}.Debug|x86.ActiveCfg = Debug|Any CPU
		{E881C5A4-8F60-4CAD-9FDB-C72AFDEC4B40}.Debug|x86.Build.0 = Debug|Any CPU
		{E881C5A4-8F60-4CAD-9FDB-C72AFDEC4B40}.Release|Any CPU.ActiveCfg = Release|Any CPU
		{E881C5A4-8F60-4CAD-9FDB-C72AFDEC4B40}.Release|Any CPU.Build.0 = Release|Any CPU
		{E881C5A4-8F60-4CAD-9FDB-C72AFDEC4B40}.Release|ARM.ActiveCfg = Release|Any CPU
		{E881C5A4-8F60-4CAD-9FDB-C72AFDEC4B40}.Release|ARM.Build.0 = Release|Any CPU
		{E881C5A4-8F60-4CAD-9FDB-C72AFDEC4B40}.Release|ARM64.ActiveCfg = Release|Any CPU
		{E881C5A4-8F60-4CAD-9FDB-C72AFDEC4B40}.Release|ARM64.Build.0 = Release|Any CPU
		{E881C5A4-8F60-4CAD-9FDB-C72AFDEC4B40}.Release|x64.ActiveCfg = Release|Any CPU
		{E881C5A4-8F60-4CAD-9FDB-C72AFDEC4B40}.Release|x64.Build.0 = Release|Any CPU
		{E881C5A4-8F60-4CAD-9FDB-C72AFDEC4B40}.Release|x86.ActiveCfg = Release|Any CPU
		{E881C5A4-8F60-4CAD-9FDB-C72AFDEC4B40}.Release|x86.Build.0 = Release|Any CPU
		{27E18CC4-56C7-430A-A82E-42A86392A83B}.Debug|Any CPU.ActiveCfg = Debug|Any CPU
		{27E18CC4-56C7-430A-A82E-42A86392A83B}.Debug|Any CPU.Build.0 = Debug|Any CPU
		{27E18CC4-56C7-430A-A82E-42A86392A83B}.Debug|ARM.ActiveCfg = Debug|Any CPU
		{27E18CC4-56C7-430A-A82E-42A86392A83B}.Debug|ARM.Build.0 = Debug|Any CPU
		{27E18CC4-56C7-430A-A82E-42A86392A83B}.Debug|ARM64.ActiveCfg = Debug|Any CPU
		{27E18CC4-56C7-430A-A82E-42A86392A83B}.Debug|ARM64.Build.0 = Debug|Any CPU
		{27E18CC4-56C7-430A-A82E-42A86392A83B}.Debug|x64.ActiveCfg = Debug|Any CPU
		{27E18CC4-56C7-430A-A82E-42A86392A83B}.Debug|x64.Build.0 = Debug|Any CPU
		{27E18CC4-56C7-430A-A82E-42A86392A83B}.Debug|x86.ActiveCfg = Debug|Any CPU
		{27E18CC4-56C7-430A-A82E-42A86392A83B}.Debug|x86.Build.0 = Debug|Any CPU
		{27E18CC4-56C7-430A-A82E-42A86392A83B}.Release|Any CPU.ActiveCfg = Release|Any CPU
		{27E18CC4-56C7-430A-A82E-42A86392A83B}.Release|Any CPU.Build.0 = Release|Any CPU
		{27E18CC4-56C7-430A-A82E-42A86392A83B}.Release|ARM.ActiveCfg = Release|Any CPU
		{27E18CC4-56C7-430A-A82E-42A86392A83B}.Release|ARM.Build.0 = Release|Any CPU
		{27E18CC4-56C7-430A-A82E-42A86392A83B}.Release|ARM64.ActiveCfg = Release|Any CPU
		{27E18CC4-56C7-430A-A82E-42A86392A83B}.Release|ARM64.Build.0 = Release|Any CPU
		{27E18CC4-56C7-430A-A82E-42A86392A83B}.Release|x64.ActiveCfg = Release|Any CPU
		{27E18CC4-56C7-430A-A82E-42A86392A83B}.Release|x64.Build.0 = Release|Any CPU
		{27E18CC4-56C7-430A-A82E-42A86392A83B}.Release|x86.ActiveCfg = Release|Any CPU
		{27E18CC4-56C7-430A-A82E-42A86392A83B}.Release|x86.Build.0 = Release|Any CPU
	EndGlobalSection
	GlobalSection(SolutionProperties) = preSolution
		HideSolutionNode = FALSE
	EndGlobalSection
	GlobalSection(NestedProjects) = preSolution
		{F4610847-C940-4FEE-9A09-A051941F01A8} = {4838DDD8-31E5-45E5-89FE-BB4A6FE97B9E}
		{E881C5A4-8F60-4CAD-9FDB-C72AFDEC4B40} = {4838DDD8-31E5-45E5-89FE-BB4A6FE97B9E}
		{27E18CC4-56C7-430A-A82E-42A86392A83B} = {4838DDD8-31E5-45E5-89FE-BB4A6FE97B9E}
	EndGlobalSection
	GlobalSection(ExtensibilityGlobals) = postSolution
		SolutionGuid = {B4020CE7-5066-427A-A954-479412B09600}
	EndGlobalSection
EndGlobal
